// !$*UTF8*$!
{
	archiveVersion = 1;
	classes = {
	};
	objectVersion = 50;
	objects = {

/* Begin PBXBuildFile section */
		25170CE524F1674D00F836B6 /* AppDelegate.swift in Sources */ = {isa = PBXBuildFile; fileRef = 25170CE424F1674D00F836B6 /* AppDelegate.swift */; };
		25170CE724F1674D00F836B6 /* SceneDelegate.swift in Sources */ = {isa = PBXBuildFile; fileRef = 25170CE624F1674D00F836B6 /* SceneDelegate.swift */; };
		25170CE924F1674D00F836B6 /* ViewController.swift in Sources */ = {isa = PBXBuildFile; fileRef = 25170CE824F1674D00F836B6 /* ViewController.swift */; };
		25170CEC24F1674D00F836B6 /* Main.storyboard in Resources */ = {isa = PBXBuildFile; fileRef = 25170CEA24F1674D00F836B6 /* Main.storyboard */; };
		25170CEE24F1674D00F836B6 /* Assets.xcassets in Resources */ = {isa = PBXBuildFile; fileRef = 25170CED24F1674D00F836B6 /* Assets.xcassets */; };
		25170CF124F1674D00F836B6 /* LaunchScreen.storyboard in Resources */ = {isa = PBXBuildFile; fileRef = 25170CEF24F1674D00F836B6 /* LaunchScreen.storyboard */; };
		25170CFC24F1674D00F836B6 /* First_iPhone_appTests.swift in Sources */ = {isa = PBXBuildFile; fileRef = 25170CFB24F1674D00F836B6 /* First_iPhone_appTests.swift */; };
		25170D0724F1674D00F836B6 /* First_iPhone_appUITests.swift in Sources */ = {isa = PBXBuildFile; fileRef = 25170D0624F1674D00F836B6 /* First_iPhone_appUITests.swift */; };
		25170D1624F1677500F836B6 /* MapKit.framework in Frameworks */ = {isa = PBXBuildFile; fileRef = 25170D1524F1677500F836B6 /* MapKit.framework */; };
/* End PBXBuildFile section */

/* Begin PBXContainerItemProxy section */
		25170CF824F1674D00F836B6 /* PBXContainerItemProxy */ = {
			isa = PBXContainerItemProxy;
			containerPortal = 25170CD924F1674C00F836B6 /* Project object */;
			proxyType = 1;
			remoteGlobalIDString = 25170CE024F1674D00F836B6;
			remoteInfo = First_iPhone_app;
		};
		25170D0324F1674D00F836B6 /* PBXContainerItemProxy */ = {
			isa = PBXContainerItemProxy;
			containerPortal = 25170CD924F1674C00F836B6 /* Project object */;
			proxyType = 1;
			remoteGlobalIDString = 25170CE024F1674D00F836B6;
			remoteInfo = First_iPhone_app;
		};
/* End PBXContainerItemProxy section */

/* Begin PBXFileReference section */
		25170CE124F1674D00F836B6 /* First_iPhone_app.app */ = {isa = PBXFileReference; explicitFileType = wrapper.application; includeInIndex = 0; path = First_iPhone_app.app; sourceTree = BUILT_PRODUCTS_DIR; };
		25170CE424F1674D00F836B6 /* AppDelegate.swift */ = {isa = PBXFileReference; lastKnownFileType = sourcecode.swift; path = AppDelegate.swift; sourceTree = "<group>"; };
		25170CE624F1674D00F836B6 /* SceneDelegate.swift */ = {isa = PBXFileReference; lastKnownFileType = sourcecode.swift; path = SceneDelegate.swift; sourceTree = "<group>"; };
		25170CE824F1674D00F836B6 /* ViewController.swift */ = {isa = PBXFileReference; lastKnownFileType = sourcecode.swift; path = ViewController.swift; sourceTree = "<group>"; };
		25170CEB24F1674D00F836B6 /* Base */ = {isa = PBXFileReference; lastKnownFileType = file.storyboard; name = Base; path = Base.lproj/Main.storyboard; sourceTree = "<group>"; };
		25170CED24F1674D00F836B6 /* Assets.xcassets */ = {isa = PBXFileReference; lastKnownFileType = folder.assetcatalog; path = Assets.xcassets; sourceTree = "<group>"; };
		25170CF024F1674D00F836B6 /* Base */ = {isa = PBXFileReference; lastKnownFileType = file.storyboard; name = Base; path = Base.lproj/LaunchScreen.storyboard; sourceTree = "<group>"; };
		25170CF224F1674D00F836B6 /* Info.plist */ = {isa = PBXFileReference; lastKnownFileType = text.plist.xml; path = Info.plist; sourceTree = "<group>"; };
		25170CF724F1674D00F836B6 /* First_iPhone_appTests.xctest */ = {isa = PBXFileReference; explicitFileType = wrapper.cfbundle; includeInIndex = 0; path = First_iPhone_appTests.xctest; sourceTree = BUILT_PRODUCTS_DIR; };
		25170CFB24F1674D00F836B6 /* First_iPhone_appTests.swift */ = {isa = PBXFileReference; lastKnownFileType = sourcecode.swift; path = First_iPhone_appTests.swift; sourceTree = "<group>"; };
		25170CFD24F1674D00F836B6 /* Info.plist */ = {isa = PBXFileReference; lastKnownFileType = text.plist.xml; path = Info.plist; sourceTree = "<group>"; };
		25170D0224F1674D00F836B6 /* First_iPhone_appUITests.xctest */ = {isa = PBXFileReference; explicitFileType = wrapper.cfbundle; includeInIndex = 0; path = First_iPhone_appUITests.xctest; sourceTree = BUILT_PRODUCTS_DIR; };
		25170D0624F1674D00F836B6 /* First_iPhone_appUITests.swift */ = {isa = PBXFileReference; lastKnownFileType = sourcecode.swift; path = First_iPhone_appUITests.swift; sourceTree = "<group>"; };
		25170D0824F1674D00F836B6 /* Info.plist */ = {isa = PBXFileReference; lastKnownFileType = text.plist.xml; path = Info.plist; sourceTree = "<group>"; };
		25170D1524F1677500F836B6 /* MapKit.framework */ = {isa = PBXFileReference; lastKnownFileType = wrapper.framework; name = MapKit.framework; path = System/Library/Frameworks/MapKit.framework; sourceTree = SDKROOT; };
/* End PBXFileReference section */

/* Begin PBXFrameworksBuildPhase section */
		25170CDE24F1674D00F836B6 /* Frameworks */ = {
			isa = PBXFrameworksBuildPhase;
			buildActionMask = 2147483647;
			files = (
				25170D1624F1677500F836B6 /* MapKit.framework in Frameworks */,
			);
			runOnlyForDeploymentPostprocessing = 0;
		};
		25170CF424F1674D00F836B6 /* Frameworks */ = {
			isa = PBXFrameworksBuildPhase;
			buildActionMask = 2147483647;
			files = (
			);
			runOnlyForDeploymentPostprocessing = 0;
		};
		25170CFF24F1674D00F836B6 /* Frameworks */ = {
			isa = PBXFrameworksBuildPhase;
			buildActionMask = 2147483647;
			files = (
			);
			runOnlyForDeploymentPostprocessing = 0;
		};
/* End PBXFrameworksBuildPhase section */

/* Begin PBXGroup section */
		25170CD824F1674C00F836B6 = {
			isa = PBXGroup;
			children = (
				25170CE324F1674D00F836B6 /* First_iPhone_app */,
				25170CFA24F1674D00F836B6 /* First_iPhone_appTests */,
				25170D0524F1674D00F836B6 /* First_iPhone_appUITests */,
				25170CE224F1674D00F836B6 /* Products */,
				25170D1424F1677500F836B6 /* Frameworks */,
			);
			sourceTree = "<group>";
		};
		25170CE224F1674D00F836B6 /* Products */ = {
			isa = PBXGroup;
			children = (
				25170CE124F1674D00F836B6 /* First_iPhone_app.app */,
				25170CF724F1674D00F836B6 /* First_iPhone_appTests.xctest */,
				25170D0224F1674D00F836B6 /* First_iPhone_appUITests.xctest */,
			);
			name = Products;
			sourceTree = "<group>";
		};
		25170CE324F1674D00F836B6 /* First_iPhone_app */ = {
			isa = PBXGroup;
			children = (
				25170CE424F1674D00F836B6 /* AppDelegate.swift */,
				25170CE624F1674D00F836B6 /* SceneDelegate.swift */,
				25170CE824F1674D00F836B6 /* ViewController.swift */,
				25170CEA24F1674D00F836B6 /* Main.storyboard */,
				25170CED24F1674D00F836B6 /* Assets.xcassets */,
				25170CEF24F1674D00F836B6 /* LaunchScreen.storyboard */,
				25170CF224F1674D00F836B6 /* Info.plist */,
			);
			path = First_iPhone_app;
			sourceTree = "<group>";
		};
		25170CFA24F1674D00F836B6 /* First_iPhone_appTests */ = {
			isa = PBXGroup;
			children = (
				25170CFB24F1674D00F836B6 /* First_iPhone_appTests.swift */,
				25170CFD24F1674D00F836B6 /* Info.plist */,
			);
			path = First_iPhone_appTests;
			sourceTree = "<group>";
		};
		25170D0524F1674D00F836B6 /* First_iPhone_appUITests */ = {
			isa = PBXGroup;
			children = (
				25170D0624F1674D00F836B6 /* First_iPhone_appUITests.swift */,
				25170D0824F1674D00F836B6 /* Info.plist */,
			);
			path = First_iPhone_appUITests;
			sourceTree = "<group>";
		};
		25170D1424F1677500F836B6 /* Frameworks */ = {
			isa = PBXGroup;
			children = (
				25170D1524F1677500F836B6 /* MapKit.framework */,
			);
			name = Frameworks;
			sourceTree = "<group>";
		};
/* End PBXGroup section */

/* Begin PBXNativeTarget section */
		25170CE024F1674D00F836B6 /* First_iPhone_app */ = {
			isa = PBXNativeTarget;
			buildConfigurationList = 25170D0B24F1674D00F836B6 /* Build configuration list for PBXNativeTarget "First_iPhone_app" */;
			buildPhases = (
				25170CDD24F1674D00F836B6 /* Sources */,
				25170CDE24F1674D00F836B6 /* Frameworks */,
				25170CDF24F1674D00F836B6 /* Resources */,
			);
			buildRules = (
			);
			dependencies = (
			);
			name = First_iPhone_app;
			productName = First_iPhone_app;
			productReference = 25170CE124F1674D00F836B6 /* First_iPhone_app.app */;
			productType = "com.apple.product-type.application";
		};
		25170CF624F1674D00F836B6 /* First_iPhone_appTests */ = {
			isa = PBXNativeTarget;
			buildConfigurationList = 25170D0E24F1674D00F836B6 /* Build configuration list for PBXNativeTarget "First_iPhone_appTests" */;
			buildPhases = (
				25170CF324F1674D00F836B6 /* Sources */,
				25170CF424F1674D00F836B6 /* Frameworks */,
				25170CF524F1674D00F836B6 /* Resources */,
			);
			buildRules = (
			);
			dependencies = (
				25170CF924F1674D00F836B6 /* PBXTargetDependency */,
			);
			name = First_iPhone_appTests;
			productName = First_iPhone_appTests;
			productReference = 25170CF724F1674D00F836B6 /* First_iPhone_appTests.xctest */;
			productType = "com.apple.product-type.bundle.unit-test";
		};
		25170D0124F1674D00F836B6 /* First_iPhone_appUITests */ = {
			isa = PBXNativeTarget;
			buildConfigurationList = 25170D1124F1674D00F836B6 /* Build configuration list for PBXNativeTarget "First_iPhone_appUITests" */;
			buildPhases = (
				25170CFE24F1674D00F836B6 /* Sources */,
				25170CFF24F1674D00F836B6 /* Frameworks */,
				25170D0024F1674D00F836B6 /* Resources */,
			);
			buildRules = (
			);
			dependencies = (
				25170D0424F1674D00F836B6 /* PBXTargetDependency */,
			);
			name = First_iPhone_appUITests;
			productName = First_iPhone_appUITests;
			productReference = 25170D0224F1674D00F836B6 /* First_iPhone_appUITests.xctest */;
			productType = "com.apple.product-type.bundle.ui-testing";
		};
/* End PBXNativeTarget section */

/* Begin PBXProject section */
		25170CD924F1674C00F836B6 /* Project object */ = {
			isa = PBXProject;
			attributes = {
				LastSwiftUpdateCheck = 1160;
				LastUpgradeCheck = 1160;
				ORGANIZATIONNAME = "高橋祐太";
				TargetAttributes = {
					25170CE024F1674D00F836B6 = {
						CreatedOnToolsVersion = 11.6;
					};
					25170CF624F1674D00F836B6 = {
						CreatedOnToolsVersion = 11.6;
						TestTargetID = 25170CE024F1674D00F836B6;
					};
					25170D0124F1674D00F836B6 = {
						CreatedOnToolsVersion = 11.6;
						TestTargetID = 25170CE024F1674D00F836B6;
					};
				};
			};
			buildConfigurationList = 25170CDC24F1674C00F836B6 /* Build configuration list for PBXProject "First_iPhone_app" */;
			compatibilityVersion = "Xcode 9.3";
			developmentRegion = en;
			hasScannedForEncodings = 0;
			knownRegions = (
				en,
				Base,
			);
			mainGroup = 25170CD824F1674C00F836B6;
			productRefGroup = 25170CE224F1674D00F836B6 /* Products */;
			projectDirPath = "";
			projectRoot = "";
			targets = (
				25170CE024F1674D00F836B6 /* First_iPhone_app */,
				25170CF624F1674D00F836B6 /* First_iPhone_appTests */,
				25170D0124F1674D00F836B6 /* First_iPhone_appUITests */,
			);
		};
/* End PBXProject section */

/* Begin PBXResourcesBuildPhase section */
		25170CDF24F1674D00F836B6 /* Resources */ = {
			isa = PBXResourcesBuildPhase;
			buildActionMask = 2147483647;
			files = (
				25170CF124F1674D00F836B6 /* LaunchScreen.storyboard in Resources */,
				25170CEE24F1674D00F836B6 /* Assets.xcassets in Resources */,
				25170CEC24F1674D00F836B6 /* Main.storyboard in Resources */,
			);
			runOnlyForDeploymentPostprocessing = 0;
		};
		25170CF524F1674D00F836B6 /* Resources */ = {
			isa = PBXResourcesBuildPhase;
			buildActionMask = 2147483647;
			files = (
			);
			runOnlyForDeploymentPostprocessing = 0;
		};
		25170D0024F1674D00F836B6 /* Resources */ = {
			isa = PBXResourcesBuildPhase;
			buildActionMask = 2147483647;
			files = (
			);
			runOnlyForDeploymentPostprocessing = 0;
		};
/* End PBXResourcesBuildPhase section */

/* Begin PBXSourcesBuildPhase section */
		25170CDD24F1674D00F836B6 /* Sources */ = {
			isa = PBXSourcesBuildPhase;
			buildActionMask = 2147483647;
			files = (
				25170CE924F1674D00F836B6 /* ViewController.swift in Sources */,
				25170CE524F1674D00F836B6 /* AppDelegate.swift in Sources */,
				25170CE724F1674D00F836B6 /* SceneDelegate.swift in Sources */,
			);
			runOnlyForDeploymentPostprocessing = 0;
		};
		25170CF324F1674D00F836B6 /* Sources */ = {
			isa = PBXSourcesBuildPhase;
			buildActionMask = 2147483647;
			files = (
				25170CFC24F1674D00F836B6 /* First_iPhone_appTests.swift in Sources */,
			);
			runOnlyForDeploymentPostprocessing = 0;
		};
		25170CFE24F1674D00F836B6 /* Sources */ = {
			isa = PBXSourcesBuildPhase;
			buildActionMask = 2147483647;
			files = (
				25170D0724F1674D00F836B6 /* First_iPhone_appUITests.swift in Sources */,
			);
			runOnlyForDeploymentPostprocessing = 0;
		};
/* End PBXSourcesBuildPhase section */

/* Begin PBXTargetDependency section */
		25170CF924F1674D00F836B6 /* PBXTargetDependency */ = {
			isa = PBXTargetDependency;
			target = 25170CE024F1674D00F836B6 /* First_iPhone_app */;
			targetProxy = 25170CF824F1674D00F836B6 /* PBXContainerItemProxy */;
		};
		25170D0424F1674D00F836B6 /* PBXTargetDependency */ = {
			isa = PBXTargetDependency;
			target = 25170CE024F1674D00F836B6 /* First_iPhone_app */;
			targetProxy = 25170D0324F1674D00F836B6 /* PBXContainerItemProxy */;
		};
/* End PBXTargetDependency section */

/* Begin PBXVariantGroup section */
		25170CEA24F1674D00F836B6 /* Main.storyboard */ = {
			isa = PBXVariantGroup;
			children = (
				25170CEB24F1674D00F836B6 /* Base */,
			);
			name = Main.storyboard;
			sourceTree = "<group>";
		};
		25170CEF24F1674D00F836B6 /* LaunchScreen.storyboard */ = {
			isa = PBXVariantGroup;
			children = (
				25170CF024F1674D00F836B6 /* Base */,
			);
			name = LaunchScreen.storyboard;
			sourceTree = "<group>";
		};
/* End PBXVariantGroup section */

/* Begin XCBuildConfiguration section */
		25170D0924F1674D00F836B6 /* Debug */ = {
			isa = XCBuildConfiguration;
			buildSettings = {
				ALWAYS_SEARCH_USER_PATHS = NO;
				CLANG_ANALYZER_NONNULL = YES;
				CLANG_ANALYZER_NUMBER_OBJECT_CONVERSION = YES_AGGRESSIVE;
				CLANG_CXX_LANGUAGE_STANDARD = "gnu++14";
				CLANG_CXX_LIBRARY = "libc++";
				CLANG_ENABLE_MODULES = YES;
				CLANG_ENABLE_OBJC_ARC = YES;
				CLANG_ENABLE_OBJC_WEAK = YES;
				CLANG_WARN_BLOCK_CAPTURE_AUTORELEASING = YES;
				CLANG_WARN_BOOL_CONVERSION = YES;
				CLANG_WARN_COMMA = YES;
				CLANG_WARN_CONSTANT_CONVERSION = YES;
				CLANG_WARN_DEPRECATED_OBJC_IMPLEMENTATIONS = YES;
				CLANG_WARN_DIRECT_OBJC_ISA_USAGE = YES_ERROR;
				CLANG_WARN_DOCUMENTATION_COMMENTS = YES;
				CLANG_WARN_EMPTY_BODY = YES;
				CLANG_WARN_ENUM_CONVERSION = YES;
				CLANG_WARN_INFINITE_RECURSION = YES;
				CLANG_WARN_INT_CONVERSION = YES;
				CLANG_WARN_NON_LITERAL_NULL_CONVERSION = YES;
				CLANG_WARN_OBJC_IMPLICIT_RETAIN_SELF = YES;
				CLANG_WARN_OBJC_LITERAL_CONVERSION = YES;
				CLANG_WARN_OBJC_ROOT_CLASS = YES_ERROR;
				CLANG_WARN_RANGE_LOOP_ANALYSIS = YES;
				CLANG_WARN_STRICT_PROTOTYPES = YES;
				CLANG_WARN_SUSPICIOUS_MOVE = YES;
				CLANG_WARN_UNGUARDED_AVAILABILITY = YES_AGGRESSIVE;
				CLANG_WARN_UNREACHABLE_CODE = YES;
				CLANG_WARN__DUPLICATE_METHOD_MATCH = YES;
				COPY_PHASE_STRIP = NO;
				DEBUG_INFORMATION_FORMAT = dwarf;
				ENABLE_STRICT_OBJC_MSGSEND = YES;
				ENABLE_TESTABILITY = YES;
				GCC_C_LANGUAGE_STANDARD = gnu11;
				GCC_DYNAMIC_NO_PIC = NO;
				GCC_NO_COMMON_BLOCKS = YES;
				GCC_OPTIMIZATION_LEVEL = 0;
				GCC_PREPROCESSOR_DEFINITIONS = (
					"DEBUG=1",
					"$(inherited)",
				);
				GCC_WARN_64_TO_32_BIT_CONVERSION = YES;
				GCC_WARN_ABOUT_RETURN_TYPE = YES_ERROR;
				GCC_WARN_UNDECLARED_SELECTOR = YES;
				GCC_WARN_UNINITIALIZED_AUTOS = YES_AGGRESSIVE;
				GCC_WARN_UNUSED_FUNCTION = YES;
				GCC_WARN_UNUSED_VARIABLE = YES;
				IPHONEOS_DEPLOYMENT_TARGET = 13.6;
				MTL_ENABLE_DEBUG_INFO = INCLUDE_SOURCE;
				MTL_FAST_MATH = YES;
				ONLY_ACTIVE_ARCH = YES;
				SDKROOT = iphoneos;
				SWIFT_ACTIVE_COMPILATION_CONDITIONS = DEBUG;
				SWIFT_OPTIMIZATION_LEVEL = "-Onone";
			};
			name = Debug;
		};
		25170D0A24F1674D00F836B6 /* Release */ = {
			isa = XCBuildConfiguration;
			buildSettings = {
				ALWAYS_SEARCH_USER_PATHS = NO;
				CLANG_ANALYZER_NONNULL = YES;
				CLANG_ANALYZER_NUMBER_OBJECT_CONVERSION = YES_AGGRESSIVE;
				CLANG_CXX_LANGUAGE_STANDARD = "gnu++14";
				CLANG_CXX_LIBRARY = "libc++";
				CLANG_ENABLE_MODULES = YES;
				CLANG_ENABLE_OBJC_ARC = YES;
				CLANG_ENABLE_OBJC_WEAK = YES;
				CLANG_WARN_BLOCK_CAPTURE_AUTORELEASING = YES;
				CLANG_WARN_BOOL_CONVERSION = YES;
				CLANG_WARN_COMMA = YES;
				CLANG_WARN_CONSTANT_CONVERSION = YES;
				CLANG_WARN_DEPRECATED_OBJC_IMPLEMENTATIONS = YES;
				CLANG_WARN_DIRECT_OBJC_ISA_USAGE = YES_ERROR;
				CLANG_WARN_DOCUMENTATION_COMMENTS = YES;
				CLANG_WARN_EMPTY_BODY = YES;
				CLANG_WARN_ENUM_CONVERSION = YES;
				CLANG_WARN_INFINITE_RECURSION = YES;
				CLANG_WARN_INT_CONVERSION = YES;
				CLANG_WARN_NON_LITERAL_NULL_CONVERSION = YES;
				CLANG_WARN_OBJC_IMPLICIT_RETAIN_SELF = YES;
				CLANG_WARN_OBJC_LITERAL_CONVERSION = YES;
				CLANG_WARN_OBJC_ROOT_CLASS = YES_ERROR;
				CLANG_WARN_RANGE_LOOP_ANALYSIS = YES;
				CLANG_WARN_STRICT_PROTOTYPES = YES;
				CLANG_WARN_SUSPICIOUS_MOVE = YES;
				CLANG_WARN_UNGUARDED_AVAILABILITY = YES_AGGRESSIVE;
				CLANG_WARN_UNREACHABLE_CODE = YES;
				CLANG_WARN__DUPLICATE_METHOD_MATCH = YES;
				COPY_PHASE_STRIP = NO;
				DEBUG_INFORMATION_FORMAT = "dwarf-with-dsym";
				ENABLE_NS_ASSERTIONS = NO;
				ENABLE_STRICT_OBJC_MSGSEND = YES;
				GCC_C_LANGUAGE_STANDARD = gnu11;
				GCC_NO_COMMON_BLOCKS = YES;
				GCC_WARN_64_TO_32_BIT_CONVERSION = YES;
				GCC_WARN_ABOUT_RETURN_TYPE = YES_ERROR;
				GCC_WARN_UNDECLARED_SELECTOR = YES;
				GCC_WARN_UNINITIALIZED_AUTOS = YES_AGGRESSIVE;
				GCC_WARN_UNUSED_FUNCTION = YES;
				GCC_WARN_UNUSED_VARIABLE = YES;
				IPHONEOS_DEPLOYMENT_TARGET = 13.6;
				MTL_ENABLE_DEBUG_INFO = NO;
				MTL_FAST_MATH = YES;
				SDKROOT = iphoneos;
				SWIFT_COMPILATION_MODE = wholemodule;
				SWIFT_OPTIMIZATION_LEVEL = "-O";
				VALIDATE_PRODUCT = YES;
			};
			name = Release;
		};
		25170D0C24F1674D00F836B6 /* Debug */ = {
			isa = XCBuildConfiguration;
			buildSettings = {
				ASSETCATALOG_COMPILER_APPICON_NAME = AppIcon;
				CODE_SIGN_STYLE = Automatic;
				DEVELOPMENT_TEAM = XLM5VBZ8J4;
				INFOPLIST_FILE = First_iPhone_app/Info.plist;
				LD_RUNPATH_SEARCH_PATHS = (
					"$(inherited)",
					"@executable_path/Frameworks",
				);
				PRODUCT_BUNDLE_IDENTIFIER = "Takahashi-Yuta.First-iPhone-app";
				PRODUCT_NAME = "$(TARGET_NAME)";
				SWIFT_VERSION = 5.0;
				TARGETED_DEVICE_FAMILY = "1,2";
			};
			name = Debug;
		};
		25170D0D24F1674D00F836B6 /* Release */ = {
			isa = XCBuildConfiguration;
			buildSettings = {
				ASSETCATALOG_COMPILER_APPICON_NAME = AppIcon;
				CODE_SIGN_STYLE = Automatic;
				DEVELOPMENT_TEAM = XLM5VBZ8J4;
				INFOPLIST_FILE = First_iPhone_app/Info.plist;
				LD_RUNPATH_SEARCH_PATHS = (
					"$(inherited)",
					"@executable_path/Frameworks",
				);
				PRODUCT_BUNDLE_IDENTIFIER = "Takahashi-Yuta.First-iPhone-app";
				PRODUCT_NAME = "$(TARGET_NAME)";
				SWIFT_VERSION = 5.0;
				TARGETED_DEVICE_FAMILY = "1,2";
			};
			name = Release;
		};
		25170D0F24F1674D00F836B6 /* Debug */ = {
			isa = XCBuildConfiguration;
			buildSettings = {
				ALWAYS_EMBED_SWIFT_STANDARD_LIBRARIES = YES;
				BUNDLE_LOADER = "$(TEST_HOST)";
				CODE_SIGN_STYLE = Automatic;
				DEVELOPMENT_TEAM = XLM5VBZ8J4;
				INFOPLIST_FILE = First_iPhone_appTests/Info.plist;
				IPHONEOS_DEPLOYMENT_TARGET = 13.6;
				LD_RUNPATH_SEARCH_PATHS = (
					"$(inherited)",
					"@executable_path/Frameworks",
					"@loader_path/Frameworks",
				);
				PRODUCT_BUNDLE_IDENTIFIER = "Takahashi-Yuta.First-iPhone-appTests";
				PRODUCT_NAME = "$(TARGET_NAME)";
				SWIFT_VERSION = 5.0;
				TARGETED_DEVICE_FAMILY = "1,2";
				TEST_HOST = "$(BUILT_PRODUCTS_DIR)/First_iPhone_app.app/First_iPhone_app";
			};
			name = Debug;
		};
		25170D1024F1674D00F836B6 /* Release */ = {
			isa = XCBuildConfiguration;
			buildSettings = {
				ALWAYS_EMBED_SWIFT_STANDARD_LIBRARIES = YES;
				BUNDLE_LOADER = "$(TEST_HOST)";
				CODE_SIGN_STYLE = Automatic;
				DEVELOPMENT_TEAM = XLM5VBZ8J4;
				INFOPLIST_FILE = First_iPhone_appTests/Info.plist;
				IPHONEOS_DEPLOYMENT_TARGET = 13.6;
				LD_RUNPATH_SEARCH_PATHS = (
					"$(inherited)",
					"@executable_path/Frameworks",
					"@loader_path/Frameworks",
				);
				PRODUCT_BUNDLE_IDENTIFIER = "Takahashi-Yuta.First-iPhone-appTests";
				PRODUCT_NAME = "$(TARGET_NAME)";
				SWIFT_VERSION = 5.0;
				TARGETED_DEVICE_FAMILY = "1,2";
				TEST_HOST = "$(BUILT_PRODUCTS_DIR)/First_iPhone_app.app/First_iPhone_app";
			};
			name = Release;
		};
		25170D1224F1674D00F836B6 /* Debug */ = {
			isa = XCBuildConfiguration;
			buildSettings = {
				ALWAYS_EMBED_SWIFT_STANDARD_LIBRARIES = YES;
				CODE_SIGN_STYLE = Automatic;
				DEVELOPMENT_TEAM = XLM5VBZ8J4;
				INFOPLIST_FILE = First_iPhone_appUITests/Info.plist;
				LD_RUNPATH_SEARCH_PATHS = (
					"$(inherited)",
					"@executable_path/Frameworks",
					"@loader_path/Frameworks",
				);
				PRODUCT_BUNDLE_IDENTIFIER = "Takahashi-Yuta.First-iPhone-appUITests";
				PRODUCT_NAME = "$(TARGET_NAME)";
				SWIFT_VERSION = 5.0;
				TARGETED_DEVICE_FAMILY = "1,2";
				TEST_TARGET_NAME = First_iPhone_app;
			};
			name = Debug;
		};
		25170D1324F1674D00F836B6 /* Release */ = {
			isa = XCBuildConfiguration;
			buildSettings = {
				ALWAYS_EMBED_SWIFT_STANDARD_LIBRARIES = YES;
				CODE_SIGN_STYLE = Automatic;
				DEVELOPMENT_TEAM = XLM5VBZ8J4;
				INFOPLIST_FILE = First_iPhone_appUITests/Info.plist;
				LD_RUNPATH_SEARCH_PATHS = (
					"$(inherited)",
					"@executable_path/Frameworks",
					"@loader_path/Frameworks",
				);
				PRODUCT_BUNDLE_IDENTIFIER = "Takahashi-Yuta.First-iPhone-appUITests";
				PRODUCT_NAME = "$(TARGET_NAME)";
				SWIFT_VERSION = 5.0;
				TARGETED_DEVICE_FAMILY = "1,2";
				TEST_TARGET_NAME = First_iPhone_app;
			};
			name = Release;
		};
/* End XCBuildConfiguration section */

/* Begin XCConfigurationList section */
		25170CDC24F1674C00F836B6 /* Build configuration list for PBXProject "First_iPhone_app" */ = {
			isa = XCConfigurationList;
			buildConfigurations = (
				25170D0924F1674D00F836B6 /* Debug */,
				25170D0A24F1674D00F836B6 /* Release */,
			);
			defaultConfigurationIsVisible = 0;
			defaultConfigurationName = Release;
		};
		25170D0B24F1674D00F836B6 /* Build configuration list for PBXNativeTarget "First_iPhone_app" */ = {
			isa = XCConfigurationList;
			buildConfigurations = (
				25170D0C24F1674D00F836B6 /* Debug */,
				25170D0D24F1674D00F836B6 /* Release */,
			);
			defaultConfigurationIsVisible = 0;
			defaultConfigurationName = Release;
		};
		25170D0E24F1674D00F836B6 /* Build configuration list for PBXNativeTarget "First_iPhone_appTests" */ = {
			isa = XCConfigurationList;
			buildConfigurations = (
				25170D0F24F1674D00F836B6 /* Debug */,
				25170D1024F1674D00F836B6 /* Release */,
			);
			defaultConfigurationIsVisible = 0;
			defaultConfigurationName = Release;
		};
		25170D1124F1674D00F836B6 /* Build configuration list for PBXNativeTarget "First_iPhone_appUITests" */ = {
			isa = XCConfigurationList;
			buildConfigurations = (
				25170D1224F1674D00F836B6 /* Debug */,
				25170D1324F1674D00F836B6 /* Release */,
			);
			defaultConfigurationIsVisible = 0;
			defaultConfigurationName = Release;
		};
/* End XCConfigurationList section */
	};
	rootObject = 25170CD924F1674C00F836B6 /* Project object */;
}
